
Microsoft Visual Studio Solution File, Format Version 12.00
# Visual Studio 14
VisualStudioVersion = 14.0.25420.1
MinimumVisualStudioVersion = 10.0.40219.1
Project("{FAE04EC0-301F-11D3-BF4B-00C04F79EFBC}") = "CadreManagement.Web", "CadreManagement.Web\CadreManagement.Web.csproj", "{D4A632EF-3785-4901-820C-38D13F19253D}"
EndProject
Project("{FAE04EC0-301F-11D3-BF4B-00C04F79EFBC}") = "CadreManagement.WebApi", "CadreManagement.WebApi\CadreManagement.WebApi.csproj", "{7D10FF3C-9745-4853-9976-F63A18837FDE}"
EndProject
Global
	GlobalSection(SolutionConfigurationPlatforms) = preSolution
		Debug|Any CPU = Debug|Any CPU
		Release|Any CPU = Release|Any CPU
	EndGlobalSection
	GlobalSection(ProjectConfigurationPlatforms) = postSolution
		{D4A632EF-3785-4901-820C-38D13F19253D}.Debug|Any CPU.ActiveCfg = Debug|Any CPU
		{D4A632EF-3785-4901-820C-38D13F19253D}.Debug|Any CPU.Build.0 = Debug|Any CPU
		{D4A632EF-3785-4901-820C-38D13F19253D}.Release|Any CPU.ActiveCfg = Release|Any CPU
		{D4A632EF-3785-4901-820C-38D13F19253D}.Release|Any CPU.Build.0 = Release|Any CPU
		{7D10FF3C-9745-4853-9976-F63A18837FDE}.Debug|Any CPU.ActiveCfg = Debug|Any CPU
		{7D10FF3C-9745-4853-9976-F63A18837FDE}.Debug|Any CPU.Build.0 = Debug|Any CPU
		{7D10FF3C-9745-4853-9976-F63A18837FDE}.Release|Any CPU.ActiveCfg = Release|Any CPU
		{7D10FF3C-9745-4853-9976-F63A18837FDE}.Release|Any CPU.Build.0 = Release|Any CPU
	EndGlobalSection
	GlobalSection(SolutionProperties) = preSolution
		HideSolutionNode = FALSE
	EndGlobalSection
EndGlobal
