
Microsoft Visual Studio Solution File, Format Version 12.00
# Visual Studio 14
VisualStudioVersion = 14.0.25420.1
MinimumVisualStudioVersion = 10.0.40219.1
Project("{FAE04EC0-301F-11D3-BF4B-00C04F79EFBC}") = "CadreManagement.WebApi", "CadreManagement.WebApi\CadreManagement.WebApi.csproj", "{F5C3DECC-FAA1-404D-A8AA-6710982F2488}"
EndProject
Project("{FAE04EC0-301F-11D3-BF4B-00C04F79EFBC}") = "CadreManagement.Web", "CadreManagement.Web\CadreManagement.Web.csproj", "{681DFA7F-1E89-4B0B-96CE-141DDF786FBB}"
EndProject
Global
	GlobalSection(SolutionConfigurationPlatforms) = preSolution
		Debug|Any CPU = Debug|Any CPU
		Release|Any CPU = Release|Any CPU
	EndGlobalSection
	GlobalSection(ProjectConfigurationPlatforms) = postSolution
		{F5C3DECC-FAA1-404D-A8AA-6710982F2488}.Debug|Any CPU.ActiveCfg = Debug|Any CPU
		{F5C3DECC-FAA1-404D-A8AA-6710982F2488}.Debug|Any CPU.Build.0 = Debug|Any CPU
		{F5C3DECC-FAA1-404D-A8AA-6710982F2488}.Release|Any CPU.ActiveCfg = Release|Any CPU
		{F5C3DECC-FAA1-404D-A8AA-6710982F2488}.Release|Any CPU.Build.0 = Release|Any CPU
		{681DFA7F-1E89-4B0B-96CE-141DDF786FBB}.Debug|Any CPU.ActiveCfg = Debug|Any CPU
		{681DFA7F-1E89-4B0B-96CE-141DDF786FBB}.Debug|Any CPU.Build.0 = Debug|Any CPU
		{681DFA7F-1E89-4B0B-96CE-141DDF786FBB}.Release|Any CPU.ActiveCfg = Release|Any CPU
		{681DFA7F-1E89-4B0B-96CE-141DDF786FBB}.Release|Any CPU.Build.0 = Release|Any CPU
	EndGlobalSection
	GlobalSection(SolutionProperties) = preSolution
		HideSolutionNode = FALSE
	EndGlobalSection
EndGlobal
